{
  "version": 4,
  "terraform_version": "1.11.4",
  "serial": 51,
  "lineage": "6406e12a-f4af-c6a7-82a1-d0e87001bc3e",
  "outputs": {
    "api_endpoint": {
      "value": "https://fr18vg8hdd.execute-api.eu-west-2.amazonaws.com/",
      "type": "string"
    },
    "aurora_endpoint": {
      "value": "scalpel-aurora-cluster.cluster-ceie3xyintdo.eu-west-2.rds.amazonaws.com",
      "type": "string"
    },
    "lambda_arn": {
      "value": "arn:aws:lambda:eu-west-2:929423420164:function:scalpel-backend",
      "type": "string"
    }
  },
  "resources": [
    {
      "mode": "data",
      "type": "aws_availability_zones",
      "name": "available",
      "provider": "provider[\"registry.terraform.io/hashicorp/aws\"]",
      "instances": [
        {
          "schema_version": 0,
          "attributes": {
            "all_availability_zones": null,
            "exclude_names": null,
            "exclude_zone_ids": null,
            "filter": null,
            "group_names": [
              "eu-west-2-zg-1"
            ],
            "id": "eu-west-2",
            "names": [
              "eu-west-2a",
              "eu-west-2b",
              "eu-west-2c"
            ],
            "state": null,
            "timeouts": null,
            "zone_ids": [
              "euw2-az2",
              "euw2-az3",
              "euw2-az1"
            ]
          },
          "sensitive_attributes": []
        }
      ]
    },
    {
      "mode": "data",
      "type": "aws_iam_policy_document",
      "name": "lambda_assume",
      "provider": "provider[\"registry.terraform.io/hashicorp/aws\"]",
      "instances": [
        {
          "schema_version": 0,
          "attributes": {
            "id": "2690255455",
            "json": "{\n  \"Version\": \"2012-10-17\",\n  \"Statement\": [\n    {\n      \"Effect\": \"Allow\",\n      \"Action\": \"sts:AssumeRole\",\n      \"Principal\": {\n        \"Service\": \"lambda.amazonaws.com\"\n      }\n    }\n  ]\n}",
            "minified_json": "{\"Version\":\"2012-10-17\",\"Statement\":[{\"Effect\":\"Allow\",\"Action\":\"sts:AssumeRole\",\"Principal\":{\"Service\":\"lambda.amazonaws.com\"}}]}",
            "override_json": null,
            "override_policy_documents": null,
            "policy_id": null,
            "source_json": null,
            "source_policy_documents": null,
            "statement": [
              {
                "actions": [
                  "sts:AssumeRole"
                ],
                "condition": [],
                "effect": "Allow",
                "not_actions": [],
                "not_principals": [],
                "not_resources": [],
                "principals": [
                  {
                    "identifiers": [
                      "lambda.amazonaws.com"
                    ],
                    "type": "Service"
                  }
                ],
                "resources": [],
                "sid": ""
              }
            ],
            "version": "2012-10-17"
          },
          "sensitive_attributes": []
        }
      ]
    },
    {
      "mode": "managed",
      "type": "aws_apigatewayv2_api",
      "name": "scalpel",
      "provider": "provider[\"registry.terraform.io/hashicorp/aws\"]",
      "instances": [
        {
          "schema_version": 0,
          "attributes": {
            "api_endpoint": "https://fr18vg8hdd.execute-api.eu-west-2.amazonaws.com",
            "api_key_selection_expression": "$request.header.x-api-key",
            "arn": "arn:aws:apigateway:eu-west-2::/apis/fr18vg8hdd",
            "body": null,
            "cors_configuration": [],
            "credentials_arn": null,
            "description": "",
            "disable_execute_api_endpoint": false,
            "execution_arn": "arn:aws:execute-api:eu-west-2:929423420164:fr18vg8hdd",
            "fail_on_warnings": null,
            "id": "fr18vg8hdd",
            "ip_address_type": "ipv4",
            "name": "scalpel-http-api",
            "protocol_type": "HTTP",
            "route_key": null,
            "route_selection_expression": "$request.method $request.path",
            "tags": {},
            "tags_all": {},
            "target": null,
            "version": ""
          },
          "sensitive_attributes": [],
          "private": "bnVsbA=="
        }
      ]
    },
    {
      "mode": "managed",
      "type": "aws_apigatewayv2_integration",
      "name": "lambda",
      "provider": "provider[\"registry.terraform.io/hashicorp/aws\"]",
      "instances": [
        {
          "schema_version": 0,
          "attributes": {
            "api_id": "fr18vg8hdd",
            "connection_id": "",
            "connection_type": "INTERNET",
            "content_handling_strategy": "",
            "credentials_arn": "",
            "description": "",
            "id": "atrvxlo",
            "integration_method": "POST",
            "integration_response_selection_expression": "",
            "integration_subtype": "",
            "integration_type": "AWS_PROXY",
            "integration_uri": "arn:aws:apigateway:eu-west-2:lambda:path/2015-03-31/functions/arn:aws:lambda:eu-west-2:929423420164:function:scalpel-backend/invocations",
            "passthrough_behavior": "",
            "payload_format_version": "2.0",
            "request_parameters": {},
            "request_templates": {},
            "response_parameters": [],
            "template_selection_expression": "",
            "timeout_milliseconds": 30000,
            "tls_config": []
          },
          "sensitive_attributes": [],
          "private": "bnVsbA==",
          "dependencies": [
            "aws_apigatewayv2_api.scalpel",
            "aws_db_subnet_group.aurora",
            "aws_ecr_repository.scalpel",
            "aws_iam_role.lambda_exec",
            "aws_lambda_function.scalpel",
            "aws_rds_cluster.aurora",
            "aws_security_group.aurora",
            "aws_security_group.lambda",
            "aws_subnet.private",
            "aws_vpc.scalpel",
            "data.aws_availability_zones.available",
            "data.aws_iam_policy_document.lambda_assume"
          ]
        }
      ]
    },
    {
      "mode": "managed",
      "type": "aws_apigatewayv2_route",
      "name": "default",
      "provider": "provider[\"registry.terraform.io/hashicorp/aws\"]",
      "instances": [
        {
          "schema_version": 0,
          "attributes": {
            "api_id": "fr18vg8hdd",
            "api_key_required": false,
            "authorization_scopes": [],
            "authorization_type": "NONE",
            "authorizer_id": "",
            "id": "jp5ahxi",
            "model_selection_expression": "",
            "operation_name": "",
            "request_models": {},
            "request_parameter": [],
            "route_key": "$default",
            "route_response_selection_expression": "",
            "target": "integrations/atrvxlo"
          },
          "sensitive_attributes": [],
          "private": "bnVsbA==",
          "dependencies": [
            "aws_apigatewayv2_api.scalpel",
            "aws_apigatewayv2_integration.lambda",
            "aws_db_subnet_group.aurora",
            "aws_ecr_repository.scalpel",
            "aws_iam_role.lambda_exec",
            "aws_lambda_function.scalpel",
            "aws_rds_cluster.aurora",
            "aws_security_group.aurora",
            "aws_security_group.lambda",
            "aws_subnet.private",
            "aws_vpc.scalpel",
            "data.aws_availability_zones.available",
            "data.aws_iam_policy_document.lambda_assume"
          ]
        }
      ]
    },
    {
      "mode": "managed",
      "type": "aws_apigatewayv2_stage",
      "name": "default",
      "provider": "provider[\"registry.terraform.io/hashicorp/aws\"]",
      "instances": [
        {
          "schema_version": 0,
          "attributes": {
            "access_log_settings": [],
            "api_id": "fr18vg8hdd",
            "arn": "arn:aws:apigateway:eu-west-2::/apis/fr18vg8hdd/stages/$default",
            "auto_deploy": true,
            "client_certificate_id": "",
            "default_route_settings": [
              {
                "data_trace_enabled": false,
                "detailed_metrics_enabled": false,
                "logging_level": "",
                "throttling_burst_limit": 0,
                "throttling_rate_limit": 0
              }
            ],
            "deployment_id": "ddql4u",
            "description": "",
            "execution_arn": "arn:aws:execute-api:eu-west-2:929423420164:fr18vg8hdd/$default",
            "id": "$default",
            "invoke_url": "https://fr18vg8hdd.execute-api.eu-west-2.amazonaws.com/",
            "name": "$default",
            "route_settings": [],
            "stage_variables": {},
            "tags": {},
            "tags_all": {}
          },
          "sensitive_attributes": [],
          "private": "bnVsbA==",
          "dependencies": [
            "aws_apigatewayv2_api.scalpel"
          ]
        }
      ]
    },
    {
      "mode": "managed",
      "type": "aws_db_subnet_group",
      "name": "aurora",
      "provider": "provider[\"registry.terraform.io/hashicorp/aws\"]",
      "instances": [
        {
          "schema_version": 0,
          "attributes": {
            "arn": "arn:aws:rds:eu-west-2:929423420164:subgrp:scalpel-aurora-subnet-group",
            "description": "Subnet group for Aurora cluster",
            "id": "scalpel-aurora-subnet-group",
            "name": "scalpel-aurora-subnet-group",
            "name_prefix": "",
            "subnet_ids": [
              "subnet-04b124bf93e40fb19",
              "subnet-0b08b70ea77411d59"
            ],
            "supported_network_types": [
              "IPV4"
            ],
            "tags": {},
            "tags_all": {},
            "vpc_id": "vpc-01431e49e408411ca"
          },
          "sensitive_attributes": [],
          "private": "bnVsbA==",
          "dependencies": [
            "aws_subnet.private",
            "aws_vpc.scalpel",
            "data.aws_availability_zones.available"
          ]
        }
      ]
    },
    {
      "mode": "managed",
      "type": "aws_ecr_repository",
      "name": "scalpel",
      "provider": "provider[\"registry.terraform.io/hashicorp/aws\"]",
      "instances": [
        {
          "schema_version": 0,
          "attributes": {
            "arn": "arn:aws:ecr:eu-west-2:929423420164:repository/scalpel",
            "encryption_configuration": [
              {
                "encryption_type": "AES256",
                "kms_key": ""
              }
            ],
            "force_delete": null,
            "id": "scalpel",
            "image_scanning_configuration": [
              {
                "scan_on_push": true
              }
            ],
            "image_tag_mutability": "MUTABLE",
            "name": "scalpel",
            "registry_id": "929423420164",
            "repository_url": "929423420164.dkr.ecr.eu-west-2.amazonaws.com/scalpel",
            "tags": {},
            "tags_all": {},
            "timeouts": null
          },
          "sensitive_attributes": [],
          "private": "eyJlMmJmYjczMC1lY2FhLTExZTYtOGY4OC0zNDM2M2JjN2M0YzAiOnsiZGVsZXRlIjoxMjAwMDAwMDAwMDAwfX0="
        }
      ]
    },
    {
      "mode": "managed",
      "type": "aws_eip",
      "name": "nat",
      "provider": "provider[\"registry.terraform.io/hashicorp/aws\"]",
      "instances": [
        {
          "index_key": 0,
          "schema_version": 0,
          "attributes": {
            "address": null,
            "allocation_id": "eipalloc-017f4c3b1d37eb32d",
            "arn": "arn:aws:ec2:eu-west-2:929423420164:elastic-ip/eipalloc-017f4c3b1d37eb32d",
            "associate_with_private_ip": null,
            "association_id": "eipassoc-0af6909240a2d32ac",
            "carrier_ip": "",
            "customer_owned_ip": "",
            "customer_owned_ipv4_pool": "",
            "domain": "vpc",
            "id": "eipalloc-017f4c3b1d37eb32d",
            "instance": "",
            "ipam_pool_id": null,
            "network_border_group": "eu-west-2",
            "network_interface": "eni-0d26c6d1fdbf9b59d",
            "private_dns": "ip-10-10-2-37.eu-west-2.compute.internal",
            "private_ip": "10.10.2.37",
            "ptr_record": "",
            "public_dns": "ec2-18-168-253-63.eu-west-2.compute.amazonaws.com",
            "public_ip": "18.168.253.63",
            "public_ipv4_pool": "amazon",
            "tags": {},
            "tags_all": {},
            "timeouts": null,
            "vpc": true
          },
          "sensitive_attributes": [],
          "private": "eyJlMmJmYjczMC1lY2FhLTExZTYtOGY4OC0zNDM2M2JjN2M0YzAiOnsiZGVsZXRlIjoxODAwMDAwMDAwMDAsInJlYWQiOjkwMDAwMDAwMDAwMCwidXBkYXRlIjozMDAwMDAwMDAwMDB9fQ=="
        }
      ]
    },
    {
      "mode": "managed",
      "type": "aws_iam_role",
      "name": "lambda_exec",
      "provider": "provider[\"registry.terraform.io/hashicorp/aws\"]",
      "instances": [
        {
          "schema_version": 0,
          "attributes": {
            "arn": "arn:aws:iam::929423420164:role/scalpel-lambda-exec-role",
            "assume_role_policy": "{\"Statement\":[{\"Action\":\"sts:AssumeRole\",\"Effect\":\"Allow\",\"Principal\":{\"Service\":\"lambda.amazonaws.com\"}}],\"Version\":\"2012-10-17\"}",
            "create_date": "2025-05-25T12:34:50Z",
            "description": "",
            "force_detach_policies": false,
            "id": "scalpel-lambda-exec-role",
            "inline_policy": [],
            "managed_policy_arns": [
              "arn:aws:iam::aws:policy/AmazonEC2ContainerRegistryReadOnly",
              "arn:aws:iam::aws:policy/service-role/AWSLambdaBasicExecutionRole",
              "arn:aws:iam::aws:policy/service-role/AWSLambdaVPCAccessExecutionRole"
            ],
            "max_session_duration": 3600,
            "name": "scalpel-lambda-exec-role",
            "name_prefix": "",
            "path": "/",
            "permissions_boundary": "",
            "tags": {},
            "tags_all": {},
            "unique_id": "AROA5QZPT5MCEJKEXY4KM"
          },
          "sensitive_attributes": [],
          "private": "bnVsbA==",
          "dependencies": [
            "data.aws_iam_policy_document.lambda_assume"
          ]
        }
      ]
    },
    {
      "mode": "managed",
      "type": "aws_iam_role_policy_attachment",
      "name": "ecr_pull",
      "provider": "provider[\"registry.terraform.io/hashicorp/aws\"]",
      "instances": [
        {
          "schema_version": 0,
          "attributes": {
            "id": "scalpel-lambda-exec-role-20250525123451369900000003",
            "policy_arn": "arn:aws:iam::aws:policy/AmazonEC2ContainerRegistryReadOnly",
            "role": "scalpel-lambda-exec-role"
          },
          "sensitive_attributes": [],
          "private": "bnVsbA==",
          "dependencies": [
            "aws_iam_role.lambda_exec",
            "data.aws_iam_policy_document.lambda_assume"
          ]
        }
      ]
    },
    {
      "mode": "managed",
      "type": "aws_iam_role_policy_attachment",
      "name": "lambda_logs",
      "provider": "provider[\"registry.terraform.io/hashicorp/aws\"]",
      "instances": [
        {
          "schema_version": 0,
          "attributes": {
            "id": "scalpel-lambda-exec-role-20250525123451043600000001",
            "policy_arn": "arn:aws:iam::aws:policy/service-role/AWSLambdaBasicExecutionRole",
            "role": "scalpel-lambda-exec-role"
          },
          "sensitive_attributes": [],
          "private": "bnVsbA==",
          "dependencies": [
            "aws_iam_role.lambda_exec",
            "data.aws_iam_policy_document.lambda_assume"
          ]
        }
      ]
    },
    {
      "mode": "managed",
      "type": "aws_iam_role_policy_attachment",
      "name": "lambda_vpc",
      "provider": "provider[\"registry.terraform.io/hashicorp/aws\"]",
      "instances": [
        {
          "schema_version": 0,
          "attributes": {
            "id": "scalpel-lambda-exec-role-20250525123451205100000002",
            "policy_arn": "arn:aws:iam::aws:policy/service-role/AWSLambdaVPCAccessExecutionRole",
            "role": "scalpel-lambda-exec-role"
          },
          "sensitive_attributes": [],
          "private": "bnVsbA==",
          "dependencies": [
            "aws_iam_role.lambda_exec",
            "data.aws_iam_policy_document.lambda_assume"
          ]
        }
      ]
    },
    {
      "mode": "managed",
      "type": "aws_internet_gateway",
      "name": "scalpel",
      "provider": "provider[\"registry.terraform.io/hashicorp/aws\"]",
      "instances": [
        {
          "schema_version": 0,
          "attributes": {
            "arn": "arn:aws:ec2:eu-west-2:929423420164:internet-gateway/igw-006cc3bc73e1e7a11",
            "id": "igw-006cc3bc73e1e7a11",
            "owner_id": "929423420164",
            "tags": {
              "Name": "scalpel-igw"
            },
            "tags_all": {
              "Name": "scalpel-igw"
            },
            "timeouts": null,
            "vpc_id": "vpc-01431e49e408411ca"
          },
          "sensitive_attributes": [],
          "private": "eyJlMmJmYjczMC1lY2FhLTExZTYtOGY4OC0zNDM2M2JjN2M0YzAiOnsiY3JlYXRlIjoxMjAwMDAwMDAwMDAwLCJkZWxldGUiOjEyMDAwMDAwMDAwMDAsInVwZGF0ZSI6MTIwMDAwMDAwMDAwMH19",
          "dependencies": [
            "aws_vpc.scalpel"
          ]
        }
      ]
    },
    {
      "mode": "managed",
      "type": "aws_lambda_function",
      "name": "scalpel",
      "provider": "provider[\"registry.terraform.io/hashicorp/aws\"]",
      "instances": [
        {
          "schema_version": 0,
          "attributes": {
            "architectures": [
              "x86_64"
            ],
            "arn": "arn:aws:lambda:eu-west-2:929423420164:function:scalpel-backend",
            "code_sha256": "861a615977d4a1fccd3618a5df093a16ea2635220f459d1c62e9bc7427ca8bd8",
            "code_signing_config_arn": "",
            "dead_letter_config": [],
            "description": "",
            "environment": [
              {
                "variables": {
                  "DATABASE_URL": "postgresql+asyncpg://postgres:12345689@scalpel-aurora-cluster.cluster-ceie3xyintdo.eu-west-2.rds.amazonaws.com:5432/scalpel_db",
                  "DEBUG": "false"
                }
              }
            ],
            "ephemeral_storage": [
              {
                "size": 512
              }
            ],
            "file_system_config": [],
            "filename": null,
            "function_name": "scalpel-backend",
            "handler": "",
            "id": "scalpel-backend",
            "image_config": [],
            "image_uri": "929423420164.dkr.ecr.eu-west-2.amazonaws.com/scalpel:latest",
            "invoke_arn": "arn:aws:apigateway:eu-west-2:lambda:path/2015-03-31/functions/arn:aws:lambda:eu-west-2:929423420164:function:scalpel-backend/invocations",
            "kms_key_arn": "",
            "last_modified": "2025-05-25T15:30:43.574+0000",
            "layers": [],
            "logging_config": [
              {
                "application_log_level": "",
                "log_format": "Text",
                "log_group": "/aws/lambda/scalpel-backend",
                "system_log_level": ""
              }
            ],
            "memory_size": 2048,
            "package_type": "Image",
            "publish": false,
            "qualified_arn": "arn:aws:lambda:eu-west-2:929423420164:function:scalpel-backend:$LATEST",
            "qualified_invoke_arn": "arn:aws:apigateway:eu-west-2:lambda:path/2015-03-31/functions/arn:aws:lambda:eu-west-2:929423420164:function:scalpel-backend:$LATEST/invocations",
            "replace_security_groups_on_destroy": null,
            "replacement_security_group_ids": null,
            "reserved_concurrent_executions": -1,
            "role": "arn:aws:iam::929423420164:role/scalpel-lambda-exec-role",
            "runtime": "",
            "s3_bucket": null,
            "s3_key": null,
            "s3_object_version": null,
            "signing_job_arn": "",
            "signing_profile_version_arn": "",
            "skip_destroy": false,
            "snap_start": [],
            "source_code_hash": "",
            "source_code_size": 0,
            "tags": {},
            "tags_all": {},
            "timeout": 30,
            "timeouts": null,
            "tracing_config": [
              {
                "mode": "PassThrough"
              }
            ],
            "version": "$LATEST",
            "vpc_config": [
              {
                "ipv6_allowed_for_dual_stack": false,
                "security_group_ids": [
                  "sg-0478fed0416b0eab6"
                ],
                "subnet_ids": [
                  "subnet-04b124bf93e40fb19",
                  "subnet-0b08b70ea77411d59"
                ],
                "vpc_id": "vpc-01431e49e408411ca"
              }
            ]
          },
          "sensitive_attributes": [
            [
              {
                "type": "get_attr",
                "value": "environment"
              },
              {
                "type": "index",
                "value": {
                  "value": 0,
                  "type": "number"
                }
              },
              {
                "type": "get_attr",
                "value": "variables"
              },
              {
                "type": "index",
                "value": {
                  "value": "DATABASE_URL",
                  "type": "string"
                }
              }
            ]
          ],
          "private": "eyJlMmJmYjczMC1lY2FhLTExZTYtOGY4OC0zNDM2M2JjN2M0YzAiOnsiY3JlYXRlIjo2MDAwMDAwMDAwMDAsImRlbGV0ZSI6NjAwMDAwMDAwMDAwLCJ1cGRhdGUiOjYwMDAwMDAwMDAwMH19",
          "dependencies": [
            "aws_db_subnet_group.aurora",
            "aws_ecr_repository.scalpel",
            "aws_iam_role.lambda_exec",
            "aws_rds_cluster.aurora",
            "aws_security_group.aurora",
            "aws_security_group.lambda",
            "aws_subnet.private",
            "aws_vpc.scalpel",
            "data.aws_availability_zones.available",
            "data.aws_iam_policy_document.lambda_assume"
          ]
        }
      ]
    },
    {
      "mode": "managed",
      "type": "aws_lambda_permission",
      "name": "apigw",
      "provider": "provider[\"registry.terraform.io/hashicorp/aws\"]",
      "instances": [
        {
          "schema_version": 0,
          "attributes": {
            "action": "lambda:InvokeFunction",
            "event_source_token": null,
            "function_name": "scalpel-backend",
            "function_url_auth_type": null,
            "id": "AllowAPIGWInvoke",
            "principal": "apigateway.amazonaws.com",
            "principal_org_id": null,
            "qualifier": "",
            "source_account": null,
            "source_arn": "arn:aws:execute-api:eu-west-2:929423420164:fr18vg8hdd/*/*",
            "statement_id": "AllowAPIGWInvoke",
            "statement_id_prefix": ""
          },
          "sensitive_attributes": [],
          "private": "bnVsbA==",
          "dependencies": [
            "aws_apigatewayv2_api.scalpel",
            "aws_db_subnet_group.aurora",
            "aws_ecr_repository.scalpel",
            "aws_iam_role.lambda_exec",
            "aws_lambda_function.scalpel",
            "aws_rds_cluster.aurora",
            "aws_security_group.aurora",
            "aws_security_group.lambda",
            "aws_subnet.private",
            "aws_vpc.scalpel",
            "data.aws_availability_zones.available",
            "data.aws_iam_policy_document.lambda_assume"
          ]
        }
      ]
    },
    {
      "mode": "managed",
      "type": "aws_nat_gateway",
      "name": "scalpel",
      "provider": "provider[\"registry.terraform.io/hashicorp/aws\"]",
      "instances": [
        {
          "schema_version": 0,
          "attributes": {
            "allocation_id": "eipalloc-017f4c3b1d37eb32d",
            "association_id": "eipassoc-0af6909240a2d32ac",
            "connectivity_type": "public",
            "id": "nat-0e10f42b1bedd9494",
            "network_interface_id": "eni-0d26c6d1fdbf9b59d",
            "private_ip": "10.10.2.37",
            "public_ip": "18.168.253.63",
            "secondary_allocation_ids": [],
            "secondary_private_ip_address_count": 0,
            "secondary_private_ip_addresses": [],
            "subnet_id": "subnet-04c4655a1d88d1d76",
            "tags": {
              "Name": "scalpel-natgw"
            },
            "tags_all": {
              "Name": "scalpel-natgw"
            },
            "timeouts": null
          },
          "sensitive_attributes": [],
          "private": "eyJlMmJmYjczMC1lY2FhLTExZTYtOGY4OC0zNDM2M2JjN2M0YzAiOnsiY3JlYXRlIjo2MDAwMDAwMDAwMDAsImRlbGV0ZSI6MTgwMDAwMDAwMDAwMCwidXBkYXRlIjo2MDAwMDAwMDAwMDB9fQ==",
          "dependencies": [
            "aws_eip.nat",
            "aws_subnet.public",
            "aws_vpc.scalpel",
            "data.aws_availability_zones.available"
          ]
        }
      ]
    },
    {
      "mode": "managed",
      "type": "aws_rds_cluster",
      "name": "aurora",
      "provider": "provider[\"registry.terraform.io/hashicorp/aws\"]",
      "instances": [
        {
          "schema_version": 1,
          "attributes": {
            "allocated_storage": 1,
            "allow_major_version_upgrade": null,
            "apply_immediately": null,
            "arn": "arn:aws:rds:eu-west-2:929423420164:cluster:scalpel-aurora-cluster",
            "availability_zones": [
              "eu-west-2a",
              "eu-west-2b",
              "eu-west-2c"
            ],
            "backtrack_window": 0,
            "backup_retention_period": 1,
            "ca_certificate_identifier": null,
            "ca_certificate_valid_till": null,
            "cluster_identifier": "scalpel-aurora-cluster",
            "cluster_identifier_prefix": "",
            "cluster_members": [
              "scalpel-aurora-0",
              "scalpel-aurora-1"
            ],
            "cluster_resource_id": "cluster-VFO4XZ2TWSD6VCQ3MTYOZBOIOA",
            "cluster_scalability_type": "",
            "copy_tags_to_snapshot": false,
            "database_insights_mode": "standard",
            "database_name": "scalpel_db",
            "db_cluster_instance_class": "",
            "db_cluster_parameter_group_name": "default.aurora-postgresql16",
            "db_instance_parameter_group_name": null,
            "db_subnet_group_name": "scalpel-aurora-subnet-group",
            "db_system_id": "",
            "delete_automated_backups": true,
            "deletion_protection": false,
            "domain": "",
            "domain_iam_role_name": "",
            "enable_global_write_forwarding": false,
            "enable_http_endpoint": false,
            "enable_local_write_forwarding": false,
            "enabled_cloudwatch_logs_exports": [],
            "endpoint": "scalpel-aurora-cluster.cluster-ceie3xyintdo.eu-west-2.rds.amazonaws.com",
            "engine": "aurora-postgresql",
            "engine_lifecycle_support": "open-source-rds-extended-support",
            "engine_mode": "provisioned",
            "engine_version": "16",
            "engine_version_actual": "16.6",
            "final_snapshot_identifier": null,
            "global_cluster_identifier": "",
            "hosted_zone_id": "Z1TTGA775OQIYO",
            "iam_database_authentication_enabled": false,
            "iam_roles": [],
            "id": "scalpel-aurora-cluster",
            "iops": 0,
            "kms_key_id": "",
            "manage_master_user_password": null,
            "master_password": "12345689",
            "master_password_wo": null,
            "master_password_wo_version": null,
            "master_user_secret": [],
            "master_user_secret_kms_key_id": null,
            "master_username": "postgres",
            "monitoring_interval": 0,
            "monitoring_role_arn": "",
            "network_type": "IPV4",
            "performance_insights_enabled": false,
            "performance_insights_kms_key_id": "",
            "performance_insights_retention_period": 0,
            "port": 5432,
            "preferred_backup_window": "22:43-23:13",
            "preferred_maintenance_window": "tue:00:48-tue:01:18",
            "reader_endpoint": "scalpel-aurora-cluster.cluster-ro-ceie3xyintdo.eu-west-2.rds.amazonaws.com",
            "replication_source_identifier": "",
            "restore_to_point_in_time": [],
            "s3_import": [],
            "scaling_configuration": [],
            "serverlessv2_scaling_configuration": [],
            "skip_final_snapshot": true,
            "snapshot_identifier": null,
            "source_region": null,
            "storage_encrypted": false,
            "storage_type": "",
            "tags": {},
            "tags_all": {},
            "timeouts": null,
            "vpc_security_group_ids": [
              "sg-0aa114326a284ebb7"
            ]
          },
          "sensitive_attributes": [
            [
              {
                "type": "get_attr",
                "value": "master_password_wo"
              }
            ],
            [
              {
                "type": "get_attr",
                "value": "master_password"
              }
            ]
          ],
          "private": "eyJlMmJmYjczMC1lY2FhLTExZTYtOGY4OC0zNDM2M2JjN2M0YzAiOnsiY3JlYXRlIjo3MjAwMDAwMDAwMDAwLCJkZWxldGUiOjcyMDAwMDAwMDAwMDAsInVwZGF0ZSI6NzIwMDAwMDAwMDAwMH0sInNjaGVtYV92ZXJzaW9uIjoiMSJ9",
          "dependencies": [
            "aws_db_subnet_group.aurora",
            "aws_security_group.aurora",
            "aws_security_group.lambda",
            "aws_subnet.private",
            "aws_vpc.scalpel",
            "data.aws_availability_zones.available"
          ]
        }
      ]
    },
    {
      "mode": "managed",
      "type": "aws_rds_cluster_instance",
      "name": "aurora_instances",
      "provider": "provider[\"registry.terraform.io/hashicorp/aws\"]",
      "instances": [
        {
          "index_key": 0,
          "schema_version": 0,
          "attributes": {
            "apply_immediately": null,
            "arn": "arn:aws:rds:eu-west-2:929423420164:db:scalpel-aurora-0",
            "auto_minor_version_upgrade": true,
            "availability_zone": "eu-west-2b",
            "ca_cert_identifier": "rds-ca-rsa2048-g1",
            "cluster_identifier": "scalpel-aurora-cluster",
            "copy_tags_to_snapshot": false,
            "custom_iam_instance_profile": "",
            "db_parameter_group_name": "default.aurora-postgresql16",
            "db_subnet_group_name": "scalpel-aurora-subnet-group",
            "dbi_resource_id": "db-NTSQKN5FALHVT3O7ZXG6K7FDOM",
            "endpoint": "scalpel-aurora-0.ceie3xyintdo.eu-west-2.rds.amazonaws.com",
            "engine": "aurora-postgresql",
            "engine_version": "16",
            "engine_version_actual": "16.6",
            "force_destroy": false,
            "id": "scalpel-aurora-0",
            "identifier": "scalpel-aurora-0",
            "identifier_prefix": "",
            "instance_class": "db.t3.medium",
            "kms_key_id": "",
            "monitoring_interval": 0,
            "monitoring_role_arn": "",
            "network_type": "IPV4",
            "performance_insights_enabled": false,
            "performance_insights_kms_key_id": "",
            "performance_insights_retention_period": 0,
            "port": 5432,
            "preferred_backup_window": "22:43-23:13",
            "preferred_maintenance_window": "sun:05:27-sun:05:57",
            "promotion_tier": 0,
            "publicly_accessible": false,
            "storage_encrypted": false,
            "tags": {},
            "tags_all": {},
            "timeouts": null,
            "writer": false
          },
          "sensitive_attributes": [],
          "private": "eyJlMmJmYjczMC1lY2FhLTExZTYtOGY4OC0zNDM2M2JjN2M0YzAiOnsiY3JlYXRlIjo1NDAwMDAwMDAwMDAwLCJkZWxldGUiOjU0MDAwMDAwMDAwMDAsInVwZGF0ZSI6NTQwMDAwMDAwMDAwMH19",
          "dependencies": [
            "aws_db_subnet_group.aurora",
            "aws_rds_cluster.aurora",
            "aws_security_group.aurora",
            "aws_security_group.lambda",
            "aws_subnet.private",
            "aws_vpc.scalpel",
            "data.aws_availability_zones.available"
          ]
        },
        {
          "index_key": 1,
          "schema_version": 0,
          "attributes": {
            "apply_immediately": null,
            "arn": "arn:aws:rds:eu-west-2:929423420164:db:scalpel-aurora-1",
            "auto_minor_version_upgrade": true,
            "availability_zone": "eu-west-2a",
            "ca_cert_identifier": "rds-ca-rsa2048-g1",
            "cluster_identifier": "scalpel-aurora-cluster",
            "copy_tags_to_snapshot": false,
            "custom_iam_instance_profile": "",
            "db_parameter_group_name": "default.aurora-postgresql16",
            "db_subnet_group_name": "scalpel-aurora-subnet-group",
            "dbi_resource_id": "db-ID3HPVOFSLVBSWTH3U6LHQTK7Q",
            "endpoint": "scalpel-aurora-1.ceie3xyintdo.eu-west-2.rds.amazonaws.com",
            "engine": "aurora-postgresql",
            "engine_version": "16",
            "engine_version_actual": "16.6",
            "force_destroy": false,
            "id": "scalpel-aurora-1",
            "identifier": "scalpel-aurora-1",
            "identifier_prefix": "",
            "instance_class": "db.t3.medium",
            "kms_key_id": "",
            "monitoring_interval": 0,
            "monitoring_role_arn": "",
            "network_type": "IPV4",
            "performance_insights_enabled": false,
            "performance_insights_kms_key_id": "",
            "performance_insights_retention_period": 0,
            "port": 5432,
            "preferred_backup_window": "22:43-23:13",
            "preferred_maintenance_window": "sat:01:18-sat:01:48",
            "promotion_tier": 0,
            "publicly_accessible": false,
            "storage_encrypted": false,
            "tags": {},
            "tags_all": {},
            "timeouts": null,
            "writer": true
          },
          "sensitive_attributes": [],
          "private": "eyJlMmJmYjczMC1lY2FhLTExZTYtOGY4OC0zNDM2M2JjN2M0YzAiOnsiY3JlYXRlIjo1NDAwMDAwMDAwMDAwLCJkZWxldGUiOjU0MDAwMDAwMDAwMDAsInVwZGF0ZSI6NTQwMDAwMDAwMDAwMH19",
          "dependencies": [
            "aws_db_subnet_group.aurora",
            "aws_rds_cluster.aurora",
            "aws_security_group.aurora",
            "aws_security_group.lambda",
            "aws_subnet.private",
            "aws_vpc.scalpel",
            "data.aws_availability_zones.available"
          ]
        }
      ]
    },
    {
      "mode": "managed",
      "type": "aws_route_table",
      "name": "private",
      "provider": "provider[\"registry.terraform.io/hashicorp/aws\"]",
      "instances": [
        {
          "schema_version": 0,
          "attributes": {
            "arn": "arn:aws:ec2:eu-west-2:929423420164:route-table/rtb-0c0f64ba2b12342f3",
            "id": "rtb-0c0f64ba2b12342f3",
            "owner_id": "929423420164",
            "propagating_vgws": [],
            "route": [
              {
                "carrier_gateway_id": "",
                "cidr_block": "0.0.0.0/0",
                "core_network_arn": "",
                "destination_prefix_list_id": "",
                "egress_only_gateway_id": "",
                "gateway_id": "",
                "ipv6_cidr_block": "",
                "local_gateway_id": "",
                "nat_gateway_id": "nat-0e10f42b1bedd9494",
                "network_interface_id": "",
                "transit_gateway_id": "",
                "vpc_endpoint_id": "",
                "vpc_peering_connection_id": ""
              }
            ],
            "tags": {
              "Name": "scalpel-private-rt"
            },
            "tags_all": {
              "Name": "scalpel-private-rt"
            },
            "timeouts": null,
            "vpc_id": "vpc-01431e49e408411ca"
          },
          "sensitive_attributes": [],
          "private": "eyJlMmJmYjczMC1lY2FhLTExZTYtOGY4OC0zNDM2M2JjN2M0YzAiOnsiY3JlYXRlIjozMDAwMDAwMDAwMDAsImRlbGV0ZSI6MzAwMDAwMDAwMDAwLCJ1cGRhdGUiOjEyMDAwMDAwMDAwMH19",
          "dependencies": [
            "aws_eip.nat",
            "aws_nat_gateway.scalpel",
            "aws_subnet.public",
            "aws_vpc.scalpel",
            "data.aws_availability_zones.available"
          ]
        }
      ]
    },
    {
      "mode": "managed",
      "type": "aws_route_table",
      "name": "public",
      "provider": "provider[\"registry.terraform.io/hashicorp/aws\"]",
      "instances": [
        {
          "schema_version": 0,
          "attributes": {
            "arn": "arn:aws:ec2:eu-west-2:929423420164:route-table/rtb-03f6132be28790878",
            "id": "rtb-03f6132be28790878",
            "owner_id": "929423420164",
            "propagating_vgws": [],
            "route": [
              {
                "carrier_gateway_id": "",
                "cidr_block": "0.0.0.0/0",
                "core_network_arn": "",
                "destination_prefix_list_id": "",
                "egress_only_gateway_id": "",
                "gateway_id": "igw-006cc3bc73e1e7a11",
                "ipv6_cidr_block": "",
                "local_gateway_id": "",
                "nat_gateway_id": "",
                "network_interface_id": "",
                "transit_gateway_id": "",
                "vpc_endpoint_id": "",
                "vpc_peering_connection_id": ""
              }
            ],
            "tags": {
              "Name": "scalpel-public-rt"
            },
            "tags_all": {
              "Name": "scalpel-public-rt"
            },
            "timeouts": null,
            "vpc_id": "vpc-01431e49e408411ca"
          },
          "sensitive_attributes": [],
          "private": "eyJlMmJmYjczMC1lY2FhLTExZTYtOGY4OC0zNDM2M2JjN2M0YzAiOnsiY3JlYXRlIjozMDAwMDAwMDAwMDAsImRlbGV0ZSI6MzAwMDAwMDAwMDAwLCJ1cGRhdGUiOjEyMDAwMDAwMDAwMH19",
          "dependencies": [
            "aws_internet_gateway.scalpel",
            "aws_vpc.scalpel"
          ]
        }
      ]
    },
    {
      "mode": "managed",
      "type": "aws_route_table_association",
      "name": "private",
      "provider": "provider[\"registry.terraform.io/hashicorp/aws\"]",
      "instances": [
        {
          "index_key": 0,
          "schema_version": 0,
          "attributes": {
            "gateway_id": "",
            "id": "rtbassoc-096f3641c20f42a45",
            "route_table_id": "rtb-0c0f64ba2b12342f3",
            "subnet_id": "subnet-04b124bf93e40fb19",
            "timeouts": null
          },
          "sensitive_attributes": [],
          "private": "eyJlMmJmYjczMC1lY2FhLTExZTYtOGY4OC0zNDM2M2JjN2M0YzAiOnsiY3JlYXRlIjozMDAwMDAwMDAwMDAsImRlbGV0ZSI6MzAwMDAwMDAwMDAwLCJ1cGRhdGUiOjEyMDAwMDAwMDAwMH19",
          "dependencies": [
            "aws_eip.nat",
            "aws_nat_gateway.scalpel",
            "aws_route_table.private",
            "aws_subnet.private",
            "aws_subnet.public",
            "aws_vpc.scalpel",
            "data.aws_availability_zones.available"
          ]
        },
        {
          "index_key": 1,
          "schema_version": 0,
          "attributes": {
            "gateway_id": "",
            "id": "rtbassoc-0b066c0f7c449e247",
            "route_table_id": "rtb-0c0f64ba2b12342f3",
            "subnet_id": "subnet-0b08b70ea77411d59",
            "timeouts": null
          },
          "sensitive_attributes": [],
          "private": "eyJlMmJmYjczMC1lY2FhLTExZTYtOGY4OC0zNDM2M2JjN2M0YzAiOnsiY3JlYXRlIjozMDAwMDAwMDAwMDAsImRlbGV0ZSI6MzAwMDAwMDAwMDAwLCJ1cGRhdGUiOjEyMDAwMDAwMDAwMH19",
          "dependencies": [
            "aws_eip.nat",
            "aws_nat_gateway.scalpel",
            "aws_route_table.private",
            "aws_subnet.private",
            "aws_subnet.public",
            "aws_vpc.scalpel",
            "data.aws_availability_zones.available"
          ]
        }
      ]
    },
    {
      "mode": "managed",
      "type": "aws_route_table_association",
      "name": "public",
      "provider": "provider[\"registry.terraform.io/hashicorp/aws\"]",
      "instances": [
        {
          "index_key": 0,
          "schema_version": 0,
          "attributes": {
            "gateway_id": "",
            "id": "rtbassoc-00c634c5bff5c0ac4",
            "route_table_id": "rtb-03f6132be28790878",
            "subnet_id": "subnet-04c4655a1d88d1d76",
            "timeouts": null
          },
          "sensitive_attributes": [],
          "private": "eyJlMmJmYjczMC1lY2FhLTExZTYtOGY4OC0zNDM2M2JjN2M0YzAiOnsiY3JlYXRlIjozMDAwMDAwMDAwMDAsImRlbGV0ZSI6MzAwMDAwMDAwMDAwLCJ1cGRhdGUiOjEyMDAwMDAwMDAwMH19",
          "dependencies": [
            "aws_internet_gateway.scalpel",
            "aws_route_table.public",
            "aws_subnet.public",
            "aws_vpc.scalpel",
            "data.aws_availability_zones.available"
          ]
        },
        {
          "index_key": 1,
          "schema_version": 0,
          "attributes": {
            "gateway_id": "",
            "id": "rtbassoc-09e81a6408d4f9413",
            "route_table_id": "rtb-03f6132be28790878",
            "subnet_id": "subnet-08d33d53a5e96df25",
            "timeouts": null
          },
          "sensitive_attributes": [],
          "private": "eyJlMmJmYjczMC1lY2FhLTExZTYtOGY4OC0zNDM2M2JjN2M0YzAiOnsiY3JlYXRlIjozMDAwMDAwMDAwMDAsImRlbGV0ZSI6MzAwMDAwMDAwMDAwLCJ1cGRhdGUiOjEyMDAwMDAwMDAwMH19",
          "dependencies": [
            "aws_internet_gateway.scalpel",
            "aws_route_table.public",
            "aws_subnet.public",
            "aws_vpc.scalpel",
            "data.aws_availability_zones.available"
          ]
        }
      ]
    },
    {
      "mode": "managed",
      "type": "aws_security_group",
      "name": "aurora",
      "provider": "provider[\"registry.terraform.io/hashicorp/aws\"]",
      "instances": [
        {
          "schema_version": 1,
          "attributes": {
            "arn": "arn:aws:ec2:eu-west-2:929423420164:security-group/sg-0aa114326a284ebb7",
            "description": "Allow Lambda to connect to Aurora",
            "egress": [
              {
                "cidr_blocks": [
                  "0.0.0.0/0"
                ],
                "description": "",
                "from_port": 0,
                "ipv6_cidr_blocks": [],
                "prefix_list_ids": [],
                "protocol": "-1",
                "security_groups": [],
                "self": false,
                "to_port": 0
              }
            ],
            "id": "sg-0aa114326a284ebb7",
            "ingress": [
              {
                "cidr_blocks": [],
                "description": "",
                "from_port": 5432,
                "ipv6_cidr_blocks": [],
                "prefix_list_ids": [],
                "protocol": "tcp",
                "security_groups": [
                  "sg-0478fed0416b0eab6"
                ],
                "self": false,
                "to_port": 5432
              }
            ],
            "name": "scalpel-aurora-sg",
            "name_prefix": "",
            "owner_id": "929423420164",
            "revoke_rules_on_delete": false,
            "tags": {},
            "tags_all": {},
            "timeouts": null,
            "vpc_id": "vpc-01431e49e408411ca"
          },
          "sensitive_attributes": [],
          "private": "eyJlMmJmYjczMC1lY2FhLTExZTYtOGY4OC0zNDM2M2JjN2M0YzAiOnsiY3JlYXRlIjo2MDAwMDAwMDAwMDAsImRlbGV0ZSI6OTAwMDAwMDAwMDAwfSwic2NoZW1hX3ZlcnNpb24iOiIxIn0=",
          "dependencies": [
            "aws_security_group.lambda",
            "aws_vpc.scalpel"
          ]
        }
      ]
    },
    {
      "mode": "managed",
      "type": "aws_security_group",
      "name": "lambda",
      "provider": "provider[\"registry.terraform.io/hashicorp/aws\"]",
      "instances": [
        {
          "schema_version": 1,
          "attributes": {
            "arn": "arn:aws:ec2:eu-west-2:929423420164:security-group/sg-0478fed0416b0eab6",
            "description": "Security group for Lambda to access Aurora",
            "egress": [
              {
                "cidr_blocks": [
                  "0.0.0.0/0"
                ],
                "description": "",
                "from_port": 0,
                "ipv6_cidr_blocks": [],
                "prefix_list_ids": [],
                "protocol": "-1",
                "security_groups": [],
                "self": false,
                "to_port": 0
              }
            ],
            "id": "sg-0478fed0416b0eab6",
            "ingress": [],
            "name": "scalpel-lambda-sg",
            "name_prefix": "",
            "owner_id": "929423420164",
            "revoke_rules_on_delete": false,
            "tags": {},
            "tags_all": {},
            "timeouts": null,
            "vpc_id": "vpc-01431e49e408411ca"
          },
          "sensitive_attributes": [],
          "private": "eyJlMmJmYjczMC1lY2FhLTExZTYtOGY4OC0zNDM2M2JjN2M0YzAiOnsiY3JlYXRlIjo2MDAwMDAwMDAwMDAsImRlbGV0ZSI6OTAwMDAwMDAwMDAwfSwic2NoZW1hX3ZlcnNpb24iOiIxIn0=",
          "dependencies": [
            "aws_vpc.scalpel"
          ]
        }
      ]
    },
    {
      "mode": "managed",
      "type": "aws_subnet",
      "name": "private",
      "provider": "provider[\"registry.terraform.io/hashicorp/aws\"]",
      "instances": [
        {
          "index_key": 0,
          "schema_version": 1,
          "attributes": {
            "arn": "arn:aws:ec2:eu-west-2:929423420164:subnet/subnet-04b124bf93e40fb19",
            "assign_ipv6_address_on_creation": false,
            "availability_zone": "eu-west-2a",
            "availability_zone_id": "euw2-az2",
            "cidr_block": "10.10.0.0/24",
            "customer_owned_ipv4_pool": "",
            "enable_dns64": false,
            "enable_lni_at_device_index": 0,
            "enable_resource_name_dns_a_record_on_launch": false,
            "enable_resource_name_dns_aaaa_record_on_launch": false,
            "id": "subnet-04b124bf93e40fb19",
            "ipv6_cidr_block": "",
            "ipv6_cidr_block_association_id": "",
            "ipv6_native": false,
            "map_customer_owned_ip_on_launch": false,
            "map_public_ip_on_launch": false,
            "outpost_arn": "",
            "owner_id": "929423420164",
            "private_dns_hostname_type_on_launch": "ip-name",
            "tags": {
              "Name": "scalpel-private-0",
              "Tier": "private"
            },
            "tags_all": {
              "Name": "scalpel-private-0",
              "Tier": "private"
            },
            "timeouts": null,
            "vpc_id": "vpc-01431e49e408411ca"
          },
          "sensitive_attributes": [],
          "private": "eyJlMmJmYjczMC1lY2FhLTExZTYtOGY4OC0zNDM2M2JjN2M0YzAiOnsiY3JlYXRlIjo2MDAwMDAwMDAwMDAsImRlbGV0ZSI6MTIwMDAwMDAwMDAwMH0sInNjaGVtYV92ZXJzaW9uIjoiMSJ9",
          "dependencies": [
            "aws_vpc.scalpel",
            "data.aws_availability_zones.available"
          ]
        },
        {
          "index_key": 1,
          "schema_version": 1,
          "attributes": {
            "arn": "arn:aws:ec2:eu-west-2:929423420164:subnet/subnet-0b08b70ea77411d59",
            "assign_ipv6_address_on_creation": false,
            "availability_zone": "eu-west-2b",
            "availability_zone_id": "euw2-az3",
            "cidr_block": "10.10.1.0/24",
            "customer_owned_ipv4_pool": "",
            "enable_dns64": false,
            "enable_lni_at_device_index": 0,
            "enable_resource_name_dns_a_record_on_launch": false,
            "enable_resource_name_dns_aaaa_record_on_launch": false,
            "id": "subnet-0b08b70ea77411d59",
            "ipv6_cidr_block": "",
            "ipv6_cidr_block_association_id": "",
            "ipv6_native": false,
            "map_customer_owned_ip_on_launch": false,
            "map_public_ip_on_launch": false,
            "outpost_arn": "",
            "owner_id": "929423420164",
            "private_dns_hostname_type_on_launch": "ip-name",
            "tags": {
              "Name": "scalpel-private-1",
              "Tier": "private"
            },
            "tags_all": {
              "Name": "scalpel-private-1",
              "Tier": "private"
            },
            "timeouts": null,
            "vpc_id": "vpc-01431e49e408411ca"
          },
          "sensitive_attributes": [],
          "private": "eyJlMmJmYjczMC1lY2FhLTExZTYtOGY4OC0zNDM2M2JjN2M0YzAiOnsiY3JlYXRlIjo2MDAwMDAwMDAwMDAsImRlbGV0ZSI6MTIwMDAwMDAwMDAwMH0sInNjaGVtYV92ZXJzaW9uIjoiMSJ9",
          "dependencies": [
            "aws_vpc.scalpel",
            "data.aws_availability_zones.available"
          ]
        }
      ]
    },
    {
      "mode": "managed",
      "type": "aws_subnet",
      "name": "public",
      "provider": "provider[\"registry.terraform.io/hashicorp/aws\"]",
      "instances": [
        {
          "index_key": 0,
          "schema_version": 1,
          "attributes": {
            "arn": "arn:aws:ec2:eu-west-2:929423420164:subnet/subnet-04c4655a1d88d1d76",
            "assign_ipv6_address_on_creation": false,
            "availability_zone": "eu-west-2a",
            "availability_zone_id": "euw2-az2",
            "cidr_block": "10.10.2.0/24",
            "customer_owned_ipv4_pool": "",
            "enable_dns64": false,
            "enable_lni_at_device_index": 0,
            "enable_resource_name_dns_a_record_on_launch": false,
            "enable_resource_name_dns_aaaa_record_on_launch": false,
            "id": "subnet-04c4655a1d88d1d76",
            "ipv6_cidr_block": "",
            "ipv6_cidr_block_association_id": "",
            "ipv6_native": false,
            "map_customer_owned_ip_on_launch": false,
            "map_public_ip_on_launch": true,
            "outpost_arn": "",
            "owner_id": "929423420164",
            "private_dns_hostname_type_on_launch": "ip-name",
            "tags": {
              "Name": "scalpel-public-0",
              "Tier": "public"
            },
            "tags_all": {
              "Name": "scalpel-public-0",
              "Tier": "public"
            },
            "timeouts": null,
            "vpc_id": "vpc-01431e49e408411ca"
          },
          "sensitive_attributes": [],
          "private": "eyJlMmJmYjczMC1lY2FhLTExZTYtOGY4OC0zNDM2M2JjN2M0YzAiOnsiY3JlYXRlIjo2MDAwMDAwMDAwMDAsImRlbGV0ZSI6MTIwMDAwMDAwMDAwMH0sInNjaGVtYV92ZXJzaW9uIjoiMSJ9",
          "dependencies": [
            "aws_vpc.scalpel",
            "data.aws_availability_zones.available"
          ]
        },
        {
          "index_key": 1,
          "schema_version": 1,
          "attributes": {
            "arn": "arn:aws:ec2:eu-west-2:929423420164:subnet/subnet-08d33d53a5e96df25",
            "assign_ipv6_address_on_creation": false,
            "availability_zone": "eu-west-2b",
            "availability_zone_id": "euw2-az3",
            "cidr_block": "10.10.3.0/24",
            "customer_owned_ipv4_pool": "",
            "enable_dns64": false,
            "enable_lni_at_device_index": 0,
            "enable_resource_name_dns_a_record_on_launch": false,
            "enable_resource_name_dns_aaaa_record_on_launch": false,
            "id": "subnet-08d33d53a5e96df25",
            "ipv6_cidr_block": "",
            "ipv6_cidr_block_association_id": "",
            "ipv6_native": false,
            "map_customer_owned_ip_on_launch": false,
            "map_public_ip_on_launch": true,
            "outpost_arn": "",
            "owner_id": "929423420164",
            "private_dns_hostname_type_on_launch": "ip-name",
            "tags": {
              "Name": "scalpel-public-1",
              "Tier": "public"
            },
            "tags_all": {
              "Name": "scalpel-public-1",
              "Tier": "public"
            },
            "timeouts": null,
            "vpc_id": "vpc-01431e49e408411ca"
          },
          "sensitive_attributes": [],
          "private": "eyJlMmJmYjczMC1lY2FhLTExZTYtOGY4OC0zNDM2M2JjN2M0YzAiOnsiY3JlYXRlIjo2MDAwMDAwMDAwMDAsImRlbGV0ZSI6MTIwMDAwMDAwMDAwMH0sInNjaGVtYV92ZXJzaW9uIjoiMSJ9",
          "dependencies": [
            "aws_vpc.scalpel",
            "data.aws_availability_zones.available"
          ]
        }
      ]
    },
    {
      "mode": "managed",
      "type": "aws_vpc",
      "name": "scalpel",
      "provider": "provider[\"registry.terraform.io/hashicorp/aws\"]",
      "instances": [
        {
          "schema_version": 1,
          "attributes": {
            "arn": "arn:aws:ec2:eu-west-2:929423420164:vpc/vpc-01431e49e408411ca",
            "assign_generated_ipv6_cidr_block": false,
            "cidr_block": "10.10.0.0/16",
            "default_network_acl_id": "acl-0e8d32520e0bb1f0d",
            "default_route_table_id": "rtb-0e35f9aa7184523a5",
            "default_security_group_id": "sg-035b730dc59dd3a86",
            "dhcp_options_id": "dopt-06f6b9995fc32b0b5",
            "enable_dns_hostnames": true,
            "enable_dns_support": true,
            "enable_network_address_usage_metrics": false,
            "id": "vpc-01431e49e408411ca",
            "instance_tenancy": "default",
            "ipv4_ipam_pool_id": null,
            "ipv4_netmask_length": null,
            "ipv6_association_id": "",
            "ipv6_cidr_block": "",
            "ipv6_cidr_block_network_border_group": "",
            "ipv6_ipam_pool_id": "",
            "ipv6_netmask_length": 0,
            "main_route_table_id": "rtb-0e35f9aa7184523a5",
            "owner_id": "929423420164",
            "tags": {
              "Name": "scalpel_vpc"
            },
            "tags_all": {
              "Name": "scalpel_vpc"
            }
          },
          "sensitive_attributes": [],
          "private": "eyJzY2hlbWFfdmVyc2lvbiI6IjEifQ=="
        }
      ]
    }
  ],
  "check_results": [
    {
      "object_kind": "var",
      "config_addr": "var.db_password",
      "status": "pass",
      "objects": [
        {
          "object_addr": "var.db_password",
          "status": "pass"
        }
      ]
    }
  ]
}
